lockfileVersion: '9.0'

settings:
  autoInstallPeers: true
  excludeLinksFromLockfile: false

importers:

  .:
    devDependencies:
      genshin-db:
        specifier: 5.2.14
        version: 5.2.14

packages:

  fuzzysort@1.9.0:
    resolution: {integrity: sha512-MOxCT0qLTwLqmEwc7UtU045RKef7mc8Qz8eR4r2bLNEq9dy/c3ZKMEFp6IEst69otkQdFZ4FfgH2dmZD+ddX1g==}

  genshin-db@5.2.14:
    resolution: {integrity: sha512-ynW5TYaEKJJOCUghETzv0CAe3OPUgtoKMWHxnpca9zyyrPmzEsYg4ATbplbdAh3ED0cc4fwLm83HxMquCGKX6w==}

  pako@2.2.0:
    resolution: {integrity: sha512-zJq6RP/5q+TO2OpFV3FHzlPnFjmkb7Nc99a5SNjJE+uu/PkpChs+NIZSSzbBoD+6kjiISXjfYdwj1ZRQ81dz/w==}

snapshots:

  fuzzysort@1.9.0: {}

  genshin-db@5.2.14:
    dependencies:
      fuzzysort: 1.9.0
      pako: 2.2.0

  pako@2.2.0: {}
